
Microsoft Visual Studio Solution File, Format Version 12.00
# Visual Studio Version 16
VisualStudioVersion = 16.0.30804.86
MinimumVisualStudioVersion = 10.0.40219.1
Project("{9A19103F-16F7-4668-BE54-9A1E7A4F7556}") = "ConsoleApp", "ConsoleApp\ConsoleApp.csproj", "{D86AD1E1-31BB-4DEC-BB57-D52552561ADE}"
EndProject
Project("{9A19103F-16F7-4668-BE54-9A1E7A4F7556}") = "Devsu.Cuentas.Infraestructura", "Devsu.Cuentas.Dominio\Devsu.Cuentas.Infraestructura.csproj", "{8916A117-F787-4263-8DC0-F7147D09531B}"
EndProject
Project("{9A19103F-16F7-4668-BE54-9A1E7A4F7556}") = "Devsu.Cuentas.Aplicacion", "Devsu.Cuentas.Aplicacion\Devsu.Cuentas.Aplicacion.csproj", "{B086A16E-A56F-4BCD-80CC-C0A8476BF1FE}"
EndProject
Project("{9A19103F-16F7-4668-BE54-9A1E7A4F7556}") = "Devsu.Cuentas.Dominio", "Devsu.Cuentas.Infraestructura\Devsu.Cuentas.Dominio.csproj", "{6F29BE9C-5751-4B9A-9A7D-644861AFB3D0}"
EndProject
Project("{9A19103F-16F7-4668-BE54-9A1E7A4F7556}") = "Devsu.Cuentas.WebAPI", "Devsu.Cuentas.WebAPI\Devsu.Cuentas.WebAPI.csproj", "{5FF19E90-B1C7-4337-A21B-B11DB6929054}"
EndProject
Project("{FAE04EC0-301F-11D3-BF4B-00C04F79EFBC}") = "Decvu.Cuentas.Tests", "Decvu.Cuentas.Tests\Decvu.Cuentas.Tests.csproj", "{2916F35F-B377-44B8-AEEB-9B52CE071025}"
EndProject
Global
	GlobalSection(SolutionConfigurationPlatforms) = preSolution
		Debug|Any CPU = Debug|Any CPU
		Release|Any CPU = Release|Any CPU
	EndGlobalSection
	GlobalSection(ProjectConfigurationPlatforms) = postSolution
		{D86AD1E1-31BB-4DEC-BB57-D52552561ADE}.Debug|Any CPU.ActiveCfg = Debug|Any CPU
		{D86AD1E1-31BB-4DEC-BB57-D52552561ADE}.Debug|Any CPU.Build.0 = Debug|Any CPU
		{D86AD1E1-31BB-4DEC-BB57-D52552561ADE}.Release|Any CPU.ActiveCfg = Release|Any CPU
		{D86AD1E1-31BB-4DEC-BB57-D52552561ADE}.Release|Any CPU.Build.0 = Release|Any CPU
		{8916A117-F787-4263-8DC0-F7147D09531B}.Debug|Any CPU.ActiveCfg = Debug|Any CPU
		{8916A117-F787-4263-8DC0-F7147D09531B}.Debug|Any CPU.Build.0 = Debug|Any CPU
		{8916A117-F787-4263-8DC0-F7147D09531B}.Release|Any CPU.ActiveCfg = Release|Any CPU
		{8916A117-F787-4263-8DC0-F7147D09531B}.Release|Any CPU.Build.0 = Release|Any CPU
		{B086A16E-A56F-4BCD-80CC-C0A8476BF1FE}.Debug|Any CPU.ActiveCfg = Debug|Any CPU
		{B086A16E-A56F-4BCD-80CC-C0A8476BF1FE}.Debug|Any CPU.Build.0 = Debug|Any CPU
		{B086A16E-A56F-4BCD-80CC-C0A8476BF1FE}.Release|Any CPU.ActiveCfg = Release|Any CPU
		{B086A16E-A56F-4BCD-80CC-C0A8476BF1FE}.Release|Any CPU.Build.0 = Release|Any CPU
		{6F29BE9C-5751-4B9A-9A7D-644861AFB3D0}.Debug|Any CPU.ActiveCfg = Debug|Any CPU
		{6F29BE9C-5751-4B9A-9A7D-644861AFB3D0}.Debug|Any CPU.Build.0 = Debug|Any CPU
		{6F29BE9C-5751-4B9A-9A7D-644861AFB3D0}.Release|Any CPU.ActiveCfg = Release|Any CPU
		{6F29BE9C-5751-4B9A-9A7D-644861AFB3D0}.Release|Any CPU.Build.0 = Release|Any CPU
		{5FF19E90-B1C7-4337-A21B-B11DB6929054}.Debug|Any CPU.ActiveCfg = Debug|Any CPU
		{5FF19E90-B1C7-4337-A21B-B11DB6929054}.Debug|Any CPU.Build.0 = Debug|Any CPU
		{5FF19E90-B1C7-4337-A21B-B11DB6929054}.Release|Any CPU.ActiveCfg = Release|Any CPU
		{5FF19E90-B1C7-4337-A21B-B11DB6929054}.Release|Any CPU.Build.0 = Release|Any CPU
		{2916F35F-B377-44B8-AEEB-9B52CE071025}.Debug|Any CPU.ActiveCfg = Debug|Any CPU
		{2916F35F-B377-44B8-AEEB-9B52CE071025}.Debug|Any CPU.Build.0 = Debug|Any CPU
		{2916F35F-B377-44B8-AEEB-9B52CE071025}.Release|Any CPU.ActiveCfg = Release|Any CPU
		{2916F35F-B377-44B8-AEEB-9B52CE071025}.Release|Any CPU.Build.0 = Release|Any CPU
	EndGlobalSection
	GlobalSection(SolutionProperties) = preSolution
		HideSolutionNode = FALSE
	EndGlobalSection
	GlobalSection(ExtensibilityGlobals) = postSolution
		SolutionGuid = {57BD64F8-8E06-4CB2-8C68-393E33F35561}
	EndGlobalSection
EndGlobal
